
Microsoft Visual Studio Solution File, Format Version 12.00
# Visual Studio Version 16
VisualStudioVersion = 16.0.30011.22
MinimumVisualStudioVersion = 10.0.40219.1
Project("{9A19103F-16F7-4668-BE54-9A1E7A4F7556}") = "HRMS_Project", "inheritUser\HRMS_Project.csproj", "{0F99731D-9B05-43BF-B869-27DA91ACB9D2}"
EndProject
Global
	GlobalSection(SolutionConfigurationPlatforms) = preSolution
		Debug|Any CPU = Debug|Any CPU
		Release|Any CPU = Release|Any CPU
	EndGlobalSection
	GlobalSection(ProjectConfigurationPlatforms) = postSolution
		{0F99731D-9B05-43BF-B869-27DA91ACB9D2}.Debug|Any CPU.ActiveCfg = Debug|Any CPU
		{0F99731D-9B05-43BF-B869-27DA91ACB9D2}.Debug|Any CPU.Build.0 = Debug|Any CPU
		{0F99731D-9B05-43BF-B869-27DA91ACB9D2}.Release|Any CPU.ActiveCfg = Release|Any CPU
		{0F99731D-9B05-43BF-B869-27DA91ACB9D2}.Release|Any CPU.Build.0 = Release|Any CPU
	EndGlobalSection
	GlobalSection(SolutionProperties) = preSolution
		HideSolutionNode = FALSE
	EndGlobalSection
	GlobalSection(ExtensibilityGlobals) = postSolution
		SolutionGuid = {7BA52039-DB5F-45CF-926D-7C44C6C673FC}
	EndGlobalSection
EndGlobal
